
Microsoft Visual Studio Solution File, Format Version 12.00
Project("{FAE04EC0-301F-11D3-BF4B-00C04F79EFBC}") = "SamuraiApp.Domain", "SamuraiApp.Domain\SamuraiApp.Domain.csproj", "{40F827A5-743A-4838-8440-D4BF7E3EA1A2}"
EndProject
Project("{FAE04EC0-301F-11D3-BF4B-00C04F79EFBC}") = "SamuraiApp.Data", "SamuraiApp.Data\SamuraiApp.Data.csproj", "{D64C30D9-5223-4FBD-9E50-22A39224A86D}"
EndProject
Project("{FAE04EC0-301F-11D3-BF4B-00C04F79EFBC}") = "ConsoleApp1", "ConsoleApp1\ConsoleApp1.csproj", "{7DB44775-CE3C-4DB8-AADD-BCD0222051E6}"
EndProject
Project("{FAE04EC0-301F-11D3-BF4B-00C04F79EFBC}") = "TestProject1", "TestProject1\TestProject1.csproj", "{172C6729-5CA2-4364-BEDA-6B9BBE4F1FCE}"
EndProject
Global
	GlobalSection(SolutionConfigurationPlatforms) = preSolution
		Debug|Any CPU = Debug|Any CPU
		Release|Any CPU = Release|Any CPU
	EndGlobalSection
	GlobalSection(ProjectConfigurationPlatforms) = postSolution
		{40F827A5-743A-4838-8440-D4BF7E3EA1A2}.Debug|Any CPU.ActiveCfg = Debug|Any CPU
		{40F827A5-743A-4838-8440-D4BF7E3EA1A2}.Debug|Any CPU.Build.0 = Debug|Any CPU
		{40F827A5-743A-4838-8440-D4BF7E3EA1A2}.Release|Any CPU.ActiveCfg = Release|Any CPU
		{40F827A5-743A-4838-8440-D4BF7E3EA1A2}.Release|Any CPU.Build.0 = Release|Any CPU
		{D64C30D9-5223-4FBD-9E50-22A39224A86D}.Debug|Any CPU.ActiveCfg = Debug|Any CPU
		{D64C30D9-5223-4FBD-9E50-22A39224A86D}.Debug|Any CPU.Build.0 = Debug|Any CPU
		{D64C30D9-5223-4FBD-9E50-22A39224A86D}.Release|Any CPU.ActiveCfg = Release|Any CPU
		{D64C30D9-5223-4FBD-9E50-22A39224A86D}.Release|Any CPU.Build.0 = Release|Any CPU
		{7DB44775-CE3C-4DB8-AADD-BCD0222051E6}.Debug|Any CPU.ActiveCfg = Debug|Any CPU
		{7DB44775-CE3C-4DB8-AADD-BCD0222051E6}.Debug|Any CPU.Build.0 = Debug|Any CPU
		{7DB44775-CE3C-4DB8-AADD-BCD0222051E6}.Release|Any CPU.ActiveCfg = Release|Any CPU
		{7DB44775-CE3C-4DB8-AADD-BCD0222051E6}.Release|Any CPU.Build.0 = Release|Any CPU
		{172C6729-5CA2-4364-BEDA-6B9BBE4F1FCE}.Debug|Any CPU.ActiveCfg = Debug|Any CPU
		{172C6729-5CA2-4364-BEDA-6B9BBE4F1FCE}.Debug|Any CPU.Build.0 = Debug|Any CPU
		{172C6729-5CA2-4364-BEDA-6B9BBE4F1FCE}.Release|Any CPU.ActiveCfg = Release|Any CPU
		{172C6729-5CA2-4364-BEDA-6B9BBE4F1FCE}.Release|Any CPU.Build.0 = Release|Any CPU
	EndGlobalSection
EndGlobal
